
Microsoft Visual Studio Solution File, Format Version 12.00
# Visual Studio Version 17
VisualStudioVersion = 17.5.002.0
MinimumVisualStudioVersion = 10.0.40219.1
Project("{9A19103F-16F7-4668-BE54-9A1E7A4F7556}") = "API", "API\API.csproj", "{19B63393-CC3D-4B7D-BC32-9902CE6CAA5B}"
EndProject
Global
	GlobalSection(SolutionConfigurationPlatforms) = preSolution
		Debug|Any CPU = Debug|Any CPU
		Release|Any CPU = Release|Any CPU
	EndGlobalSection
	GlobalSection(ProjectConfigurationPlatforms) = postSolution
		{19B63393-CC3D-4B7D-BC32-9902CE6CAA5B}.Debug|Any CPU.ActiveCfg = Debug|Any CPU
		{19B63393-CC3D-4B7D-BC32-9902CE6CAA5B}.Debug|Any CPU.Build.0 = Debug|Any CPU
		{19B63393-CC3D-4B7D-BC32-9902CE6CAA5B}.Release|Any CPU.ActiveCfg = Release|Any CPU
		{19B63393-CC3D-4B7D-BC32-9902CE6CAA5B}.Release|Any CPU.Build.0 = Release|Any CPU
	EndGlobalSection
	GlobalSection(SolutionProperties) = preSolution
		HideSolutionNode = FALSE
	EndGlobalSection
	GlobalSection(ExtensibilityGlobals) = postSolution
		SolutionGuid = {F82AA507-508E-4A20-8AA5-C9E5C81E4AEE}
	EndGlobalSection
EndGlobal
